
Microsoft Visual Studio Solution File, Format Version 12.00
# Visual Studio Version 16
VisualStudioVersion = 16.0.30717.126
MinimumVisualStudioVersion = 10.0.40219.1
Project("{9A19103F-16F7-4668-BE54-9A1E7A4F7556}") = "PizzaMais.Pizza.API", "src\PizzaMais.Pizza.API\PizzaMais.Pizza.API.csproj", "{00DF3438-EB84-4DAF-8289-A4E84EED42AF}"
EndProject
Project("{FAE04EC0-301F-11D3-BF4B-00C04F79EFBC}") = "PizzaMais.Pizza.Communs", "src\PizzaMais.Pizza.Communs\PizzaMais.Pizza.Communs.csproj", "{0C7620F6-1C90-4AFB-AA6E-4FDD3872D2BD}"
EndProject
Project("{FAE04EC0-301F-11D3-BF4B-00C04F79EFBC}") = "PizzaMais.Pizza.Core", "src\PizzaMais.Pizza.Core\PizzaMais.Pizza.Core.csproj", "{BB866890-E063-4057-BC35-ADCF0C895940}"
EndProject
Global
	GlobalSection(SolutionConfigurationPlatforms) = preSolution
		Debug|Any CPU = Debug|Any CPU
		Release|Any CPU = Release|Any CPU
	EndGlobalSection
	GlobalSection(ProjectConfigurationPlatforms) = postSolution
		{00DF3438-EB84-4DAF-8289-A4E84EED42AF}.Debug|Any CPU.ActiveCfg = Debug|Any CPU
		{00DF3438-EB84-4DAF-8289-A4E84EED42AF}.Debug|Any CPU.Build.0 = Debug|Any CPU
		{00DF3438-EB84-4DAF-8289-A4E84EED42AF}.Release|Any CPU.ActiveCfg = Release|Any CPU
		{00DF3438-EB84-4DAF-8289-A4E84EED42AF}.Release|Any CPU.Build.0 = Release|Any CPU
		{0C7620F6-1C90-4AFB-AA6E-4FDD3872D2BD}.Debug|Any CPU.ActiveCfg = Debug|Any CPU
		{0C7620F6-1C90-4AFB-AA6E-4FDD3872D2BD}.Debug|Any CPU.Build.0 = Debug|Any CPU
		{0C7620F6-1C90-4AFB-AA6E-4FDD3872D2BD}.Release|Any CPU.ActiveCfg = Release|Any CPU
		{0C7620F6-1C90-4AFB-AA6E-4FDD3872D2BD}.Release|Any CPU.Build.0 = Release|Any CPU
		{BB866890-E063-4057-BC35-ADCF0C895940}.Debug|Any CPU.ActiveCfg = Debug|Any CPU
		{BB866890-E063-4057-BC35-ADCF0C895940}.Debug|Any CPU.Build.0 = Debug|Any CPU
		{BB866890-E063-4057-BC35-ADCF0C895940}.Release|Any CPU.ActiveCfg = Release|Any CPU
		{BB866890-E063-4057-BC35-ADCF0C895940}.Release|Any CPU.Build.0 = Release|Any CPU
	EndGlobalSection
	GlobalSection(SolutionProperties) = preSolution
		HideSolutionNode = FALSE
	EndGlobalSection
	GlobalSection(ExtensibilityGlobals) = postSolution
		SolutionGuid = {7DA8E28D-E7D1-48F1-9E34-BB652DF41ECE}
	EndGlobalSection
EndGlobal
